
Microsoft Visual Studio Solution File, Format Version 12.00
# Visual Studio Version 17
VisualStudioVersion = 17.1.32328.378
MinimumVisualStudioVersion = 10.0.40219.1
Project("{9A19103F-16F7-4668-BE54-9A1E7A4F7556}") = "GymMenagmentApp.App", "GymMenagmentApp.App\GymMenagmentApp.App.csproj", "{59D49517-BDA2-468D-9775-0927FD85A11E}"
EndProject
Project("{9A19103F-16F7-4668-BE54-9A1E7A4F7556}") = "GymMenagmentApp.Shared", "GymMenagmentApp.Shared\GymMenagmentApp.Shared.csproj", "{A1D28235-B47F-4185-9587-4B9345D44E26}"
EndProject
Global
	GlobalSection(SolutionConfigurationPlatforms) = preSolution
		Debug|Any CPU = Debug|Any CPU
		Release|Any CPU = Release|Any CPU
	EndGlobalSection
	GlobalSection(ProjectConfigurationPlatforms) = postSolution
		{59D49517-BDA2-468D-9775-0927FD85A11E}.Debug|Any CPU.ActiveCfg = Debug|Any CPU
		{59D49517-BDA2-468D-9775-0927FD85A11E}.Debug|Any CPU.Build.0 = Debug|Any CPU
		{59D49517-BDA2-468D-9775-0927FD85A11E}.Release|Any CPU.ActiveCfg = Release|Any CPU
		{59D49517-BDA2-468D-9775-0927FD85A11E}.Release|Any CPU.Build.0 = Release|Any CPU
		{A1D28235-B47F-4185-9587-4B9345D44E26}.Debug|Any CPU.ActiveCfg = Debug|Any CPU
		{A1D28235-B47F-4185-9587-4B9345D44E26}.Debug|Any CPU.Build.0 = Debug|Any CPU
		{A1D28235-B47F-4185-9587-4B9345D44E26}.Release|Any CPU.ActiveCfg = Release|Any CPU
		{A1D28235-B47F-4185-9587-4B9345D44E26}.Release|Any CPU.Build.0 = Release|Any CPU
	EndGlobalSection
	GlobalSection(SolutionProperties) = preSolution
		HideSolutionNode = FALSE
	EndGlobalSection
	GlobalSection(ExtensibilityGlobals) = postSolution
		SolutionGuid = {A4CE385C-E73B-4DD8-9B9B-19FFBB6FDF66}
	EndGlobalSection
EndGlobal
